
Microsoft Visual Studio Solution File, Format Version 12.00
# Visual Studio Version 16
VisualStudioVersion = 16.0.34407.143
MinimumVisualStudioVersion = 10.0.40219.1
Project("{FAE04EC0-301F-11D3-BF4B-00C04F79EFBC}") = "PrefixerThumbnailServer", "PrefixerThumbnailServer\PrefixerThumbnailServer.csproj", "{70F10F22-6110-4F8F-9D34-6692221C9BCB}"
EndProject
Global
	GlobalSection(SolutionConfigurationPlatforms) = preSolution
		Debug|Any CPU = Debug|Any CPU
		Release|Any CPU = Release|Any CPU
	EndGlobalSection
	GlobalSection(ProjectConfigurationPlatforms) = postSolution
		{70F10F22-6110-4F8F-9D34-6692221C9BCB}.Debug|Any CPU.ActiveCfg = Debug|Any CPU
		{70F10F22-6110-4F8F-9D34-6692221C9BCB}.Debug|Any CPU.Build.0 = Debug|Any CPU
		{70F10F22-6110-4F8F-9D34-6692221C9BCB}.Release|Any CPU.ActiveCfg = Release|Any CPU
		{70F10F22-6110-4F8F-9D34-6692221C9BCB}.Release|Any CPU.Build.0 = Release|Any CPU
	EndGlobalSection
	GlobalSection(SolutionProperties) = preSolution
		HideSolutionNode = FALSE
	EndGlobalSection
	GlobalSection(ExtensibilityGlobals) = postSolution
		SolutionGuid = {1E83B3D0-293E-4284-AE29-C050267D3F1A}
	EndGlobalSection
EndGlobal
